// !$*UTF8*$!
{
	archiveVersion = 1;
	classes = {
	};
	objectVersion = 55;
	objects = {

/* Begin PBXBuildFile section */
		B8194D3527BCA68A00E8C2EA /* NetworkManger.swift in Sources */ = {isa = PBXBuildFile; fileRef = B8194D3427BCA68A00E8C2EA /* NetworkManger.swift */; };
		B8194D3727BCA7A500E8C2EA /* Model.swift in Sources */ = {isa = PBXBuildFile; fileRef = B8194D3627BCA7A500E8C2EA /* Model.swift */; };
		B856D35E27B10D000081AC17 /* WaifuData.json in Resources */ = {isa = PBXBuildFile; fileRef = B856D35D27B10CFF0081AC17 /* WaifuData.json */; };
		B872987B27AD0A9400E67D7F /* AniWallApp.swift in Sources */ = {isa = PBXBuildFile; fileRef = B872987A27AD0A9400E67D7F /* AniWallApp.swift */; };
		B872987D27AD0A9400E67D7F /* ContentView.swift in Sources */ = {isa = PBXBuildFile; fileRef = B872987C27AD0A9400E67D7F /* ContentView.swift */; };
		B872987F27AD0A9600E67D7F /* Assets.xcassets in Resources */ = {isa = PBXBuildFile; fileRef = B872987E27AD0A9600E67D7F /* Assets.xcassets */; };
		B872988227AD0A9600E67D7F /* Preview Assets.xcassets in Resources */ = {isa = PBXBuildFile; fileRef = B872988127AD0A9600E67D7F /* Preview Assets.xcassets */; };
		B8F23BA427AE6E9C0027FAA4 /* SwURL in Frameworks */ = {isa = PBXBuildFile; productRef = B8F23BA327AE6E9C0027FAA4 /* SwURL */; };
/* End PBXBuildFile section */

/* Begin PBXFileReference section */
		B8194D3427BCA68A00E8C2EA /* NetworkManger.swift */ = {isa = PBXFileReference; lastKnownFileType = sourcecode.swift; path = NetworkManger.swift; sourceTree = "<group>"; };
		B8194D3627BCA7A500E8C2EA /* Model.swift */ = {isa = PBXFileReference; lastKnownFileType = sourcecode.swift; path = Model.swift; sourceTree = "<group>"; };
		B856D35D27B10CFF0081AC17 /* WaifuData.json */ = {isa = PBXFileReference; lastKnownFileType = text.json; path = WaifuData.json; sourceTree = "<group>"; };
		B872987727AD0A9400E67D7F /* AniWall.app */ = {isa = PBXFileReference; explicitFileType = wrapper.application; includeInIndex = 0; path = AniWall.app; sourceTree = BUILT_PRODUCTS_DIR; };
		B872987A27AD0A9400E67D7F /* AniWallApp.swift */ = {isa = PBXFileReference; lastKnownFileType = sourcecode.swift; path = AniWallApp.swift; sourceTree = "<group>"; };
		B872987C27AD0A9400E67D7F /* ContentView.swift */ = {isa = PBXFileReference; lastKnownFileType = sourcecode.swift; path = ContentView.swift; sourceTree = "<group>"; };
		B872987E27AD0A9600E67D7F /* Assets.xcassets */ = {isa = PBXFileReference; lastKnownFileType = folder.assetcatalog; path = Assets.xcassets; sourceTree = "<group>"; };
		B872988127AD0A9600E67D7F /* Preview Assets.xcassets */ = {isa = PBXFileReference; lastKnownFileType = folder.assetcatalog; path = "Preview Assets.xcassets"; sourceTree = "<group>"; };
/* End PBXFileReference section */

/* Begin PBXFrameworksBuildPhase section */
		B872987427AD0A9400E67D7F /* Frameworks */ = {
			isa = PBXFrameworksBuildPhase;
			buildActionMask = 2147483647;
			files = (
				B8F23BA427AE6E9C0027FAA4 /* SwURL in Frameworks */,
			);
			runOnlyForDeploymentPostprocessing = 0;
		};
/* End PBXFrameworksBuildPhase section */

/* Begin PBXGroup section */
		B872986E27AD0A9400E67D7F = {
			isa = PBXGroup;
			children = (
				B872987927AD0A9400E67D7F /* AniWall */,
				B872987827AD0A9400E67D7F /* Products */,
			);
			sourceTree = "<group>";
		};
		B872987827AD0A9400E67D7F /* Products */ = {
			isa = PBXGroup;
			children = (
				B872987727AD0A9400E67D7F /* AniWall.app */,
			);
			name = Products;
			sourceTree = "<group>";
		};
		B872987927AD0A9400E67D7F /* AniWall */ = {
			isa = PBXGroup;
			children = (
				B872987A27AD0A9400E67D7F /* AniWallApp.swift */,
				B872987C27AD0A9400E67D7F /* ContentView.swift */,
				B8194D3427BCA68A00E8C2EA /* NetworkManger.swift */,
				B8194D3627BCA7A500E8C2EA /* Model.swift */,
				B872987E27AD0A9600E67D7F /* Assets.xcassets */,
				B872988027AD0A9600E67D7F /* Preview Content */,
				B856D35D27B10CFF0081AC17 /* WaifuData.json */,
			);
			path = AniWall;
			sourceTree = "<group>";
		};
		B872988027AD0A9600E67D7F /* Preview Content */ = {
			isa = PBXGroup;
			children = (
				B872988127AD0A9600E67D7F /* Preview Assets.xcassets */,
			);
			path = "Preview Content";
			sourceTree = "<group>";
		};
/* End PBXGroup section */

/* Begin PBXNativeTarget section */
		B872987627AD0A9400E67D7F /* AniWall */ = {
			isa = PBXNativeTarget;
			buildConfigurationList = B872988527AD0A9600E67D7F /* Build configuration list for PBXNativeTarget "AniWall" */;
			buildPhases = (
				B872987327AD0A9400E67D7F /* Sources */,
				B872987427AD0A9400E67D7F /* Frameworks */,
				B872987527AD0A9400E67D7F /* Resources */,
			);
			buildRules = (
			);
			dependencies = (
			);
			name = AniWall;
			packageProductDependencies = (
				B8F23BA327AE6E9C0027FAA4 /* SwURL */,
			);
			productName = AniWall;
			productReference = B872987727AD0A9400E67D7F /* AniWall.app */;
			productType = "com.apple.product-type.application";
		};
/* End PBXNativeTarget section */

/* Begin PBXProject section */
		B872986F27AD0A9400E67D7F /* Project object */ = {
			isa = PBXProject;
			attributes = {
				BuildIndependentTargetsInParallel = 1;
				LastSwiftUpdateCheck = 1320;
				LastUpgradeCheck = 1320;
				TargetAttributes = {
					B872987627AD0A9400E67D7F = {
						CreatedOnToolsVersion = 13.2.1;
					};
				};
			};
			buildConfigurationList = B872987227AD0A9400E67D7F /* Build configuration list for PBXProject "AniWall" */;
			compatibilityVersion = "Xcode 13.0";
			developmentRegion = en;
			hasScannedForEncodings = 0;
			knownRegions = (
				en,
				Base,
			);
			mainGroup = B872986E27AD0A9400E67D7F;
			packageReferences = (
				B8F23BA227AE6E9C0027FAA4 /* XCRemoteSwiftPackageReference "SwURL" */,
			);
			productRefGroup = B872987827AD0A9400E67D7F /* Products */;
			projectDirPath = "";
			projectRoot = "";
			targets = (
				B872987627AD0A9400E67D7F /* AniWall */,
			);
		};
/* End PBXProject section */

/* Begin PBXResourcesBuildPhase section */
		B872987527AD0A9400E67D7F /* Resources */ = {
			isa = PBXResourcesBuildPhase;
			buildActionMask = 2147483647;
			files = (
				B872988227AD0A9600E67D7F /* Preview Assets.xcassets in Resources */,
				B856D35E27B10D000081AC17 /* WaifuData.json in Resources */,
				B872987F27AD0A9600E67D7F /* Assets.xcassets in Resources */,
			);
			runOnlyForDeploymentPostprocessing = 0;
		};
/* End PBXResourcesBuildPhase section */

/* Begin PBXSourcesBuildPhase section */
		B872987327AD0A9400E67D7F /* Sources */ = {
			isa = PBXSourcesBuildPhase;
			buildActionMask = 2147483647;
			files = (
				B8194D3527BCA68A00E8C2EA /* NetworkManger.swift in Sources */,
				B872987D27AD0A9400E67D7F /* ContentView.swift in Sources */,
				B872987B27AD0A9400E67D7F /* AniWallApp.swift in Sources */,
				B8194D3727BCA7A500E8C2EA /* Model.swift in Sources */,
			);
			runOnlyForDeploymentPostprocessing = 0;
		};
/* End PBXSourcesBuildPhase section */

/* Begin XCBuildConfiguration section */
		B872988327AD0A9600E67D7F /* Debug */ = {
			isa = XCBuildConfiguration;
			buildSettings = {
				ALWAYS_SEARCH_USER_PATHS = NO;
				CLANG_ANALYZER_NONNULL = YES;
				CLANG_ANALYZER_NUMBER_OBJECT_CONVERSION = YES_AGGRESSIVE;
				CLANG_CXX_LANGUAGE_STANDARD = "gnu++17";
				CLANG_CXX_LIBRARY = "libc++";
				CLANG_ENABLE_MODULES = YES;
				CLANG_ENABLE_OBJC_ARC = YES;
				CLANG_ENABLE_OBJC_WEAK = YES;
				CLANG_WARN_BLOCK_CAPTURE_AUTORELEASING = YES;
				CLANG_WARN_BOOL_CONVERSION = YES;
				CLANG_WARN_COMMA = YES;
				CLANG_WARN_CONSTANT_CONVERSION = YES;
				CLANG_WARN_DEPRECATED_OBJC_IMPLEMENTATIONS = YES;
				CLANG_WARN_DIRECT_OBJC_ISA_USAGE = YES_ERROR;
				CLANG_WARN_DOCUMENTATION_COMMENTS = YES;
				CLANG_WARN_EMPTY_BODY = YES;
				CLANG_WARN_ENUM_CONVERSION = YES;
				CLANG_WARN_INFINITE_RECURSION = YES;
				CLANG_WARN_INT_CONVERSION = YES;
				CLANG_WARN_NON_LITERAL_NULL_CONVERSION = YES;
				CLANG_WARN_OBJC_IMPLICIT_RETAIN_SELF = YES;
				CLANG_WARN_OBJC_LITERAL_CONVERSION = YES;
				CLANG_WARN_OBJC_ROOT_CLASS = YES_ERROR;
				CLANG_WARN_QUOTED_INCLUDE_IN_FRAMEWORK_HEADER = YES;
				CLANG_WARN_RANGE_LOOP_ANALYSIS = YES;
				CLANG_WARN_STRICT_PROTOTYPES = YES;
				CLANG_WARN_SUSPICIOUS_MOVE = YES;
				CLANG_WARN_UNGUARDED_AVAILABILITY = YES_AGGRESSIVE;
				CLANG_WARN_UNREACHABLE_CODE = YES;
				CLANG_WARN__DUPLICATE_METHOD_MATCH = YES;
				COPY_PHASE_STRIP = NO;
				DEBUG_INFORMATION_FORMAT = dwarf;
				ENABLE_STRICT_OBJC_MSGSEND = YES;
				ENABLE_TESTABILITY = YES;
				GCC_C_LANGUAGE_STANDARD = gnu11;
				GCC_DYNAMIC_NO_PIC = NO;
				GCC_NO_COMMON_BLOCKS = YES;
				GCC_OPTIMIZATION_LEVEL = 0;
				GCC_PREPROCESSOR_DEFINITIONS = (
					"DEBUG=1",
					"$(inherited)",
				);
				GCC_WARN_64_TO_32_BIT_CONVERSION = YES;
				GCC_WARN_ABOUT_RETURN_TYPE = YES_ERROR;
				GCC_WARN_UNDECLARED_SELECTOR = YES;
				GCC_WARN_UNINITIALIZED_AUTOS = YES_AGGRESSIVE;
				GCC_WARN_UNUSED_FUNCTION = YES;
				GCC_WARN_UNUSED_VARIABLE = YES;
				IPHONEOS_DEPLOYMENT_TARGET = 15.0;
				MTL_ENABLE_DEBUG_INFO = INCLUDE_SOURCE;
				MTL_FAST_MATH = YES;
				ONLY_ACTIVE_ARCH = YES;
				SDKROOT = iphoneos;
				SWIFT_ACTIVE_COMPILATION_CONDITIONS = DEBUG;
				SWIFT_OPTIMIZATION_LEVEL = "-Onone";
			};
			name = Debug;
		};
		B872988427AD0A9600E67D7F /* Release */ = {
			isa = XCBuildConfiguration;
			buildSettings = {
				ALWAYS_SEARCH_USER_PATHS = NO;
				CLANG_ANALYZER_NONNULL = YES;
				CLANG_ANALYZER_NUMBER_OBJECT_CONVERSION = YES_AGGRESSIVE;
				CLANG_CXX_LANGUAGE_STANDARD = "gnu++17";
				CLANG_CXX_LIBRARY = "libc++";
				CLANG_ENABLE_MODULES = YES;
				CLANG_ENABLE_OBJC_ARC = YES;
				CLANG_ENABLE_OBJC_WEAK = YES;
				CLANG_WARN_BLOCK_CAPTURE_AUTORELEASING = YES;
				CLANG_WARN_BOOL_CONVERSION = YES;
				CLANG_WARN_COMMA = YES;
				CLANG_WARN_CONSTANT_CONVERSION = YES;
				CLANG_WARN_DEPRECATED_OBJC_IMPLEMENTATIONS = YES;
				CLANG_WARN_DIRECT_OBJC_ISA_USAGE = YES_ERROR;
				CLANG_WARN_DOCUMENTATION_COMMENTS = YES;
				CLANG_WARN_EMPTY_BODY = YES;
				CLANG_WARN_ENUM_CONVERSION = YES;
				CLANG_WARN_INFINITE_RECURSION = YES;
				CLANG_WARN_INT_CONVERSION = YES;
				CLANG_WARN_NON_LITERAL_NULL_CONVERSION = YES;
				CLANG_WARN_OBJC_IMPLICIT_RETAIN_SELF = YES;
				CLANG_WARN_OBJC_LITERAL_CONVERSION = YES;
				CLANG_WARN_OBJC_ROOT_CLASS = YES_ERROR;
				CLANG_WARN_QUOTED_INCLUDE_IN_FRAMEWORK_HEADER = YES;
				CLANG_WARN_RANGE_LOOP_ANALYSIS = YES;
				CLANG_WARN_STRICT_PROTOTYPES = YES;
				CLANG_WARN_SUSPICIOUS_MOVE = YES;
				CLANG_WARN_UNGUARDED_AVAILABILITY = YES_AGGRESSIVE;
				CLANG_WARN_UNREACHABLE_CODE = YES;
				CLANG_WARN__DUPLICATE_METHOD_MATCH = YES;
				COPY_PHASE_STRIP = NO;
				DEBUG_INFORMATION_FORMAT = "dwarf-with-dsym";
				ENABLE_NS_ASSERTIONS = NO;
				ENABLE_STRICT_OBJC_MSGSEND = YES;
				GCC_C_LANGUAGE_STANDARD = gnu11;
				GCC_NO_COMMON_BLOCKS = YES;
				GCC_WARN_64_TO_32_BIT_CONVERSION = YES;
				GCC_WARN_ABOUT_RETURN_TYPE = YES_ERROR;
				GCC_WARN_UNDECLARED_SELECTOR = YES;
				GCC_WARN_UNINITIALIZED_AUTOS = YES_AGGRESSIVE;
				GCC_WARN_UNUSED_FUNCTION = YES;
				GCC_WARN_UNUSED_VARIABLE = YES;
				IPHONEOS_DEPLOYMENT_TARGET = 15.0;
				MTL_ENABLE_DEBUG_INFO = NO;
				MTL_FAST_MATH = YES;
				SDKROOT = iphoneos;
				SWIFT_COMPILATION_MODE = wholemodule;
				SWIFT_OPTIMIZATION_LEVEL = "-O";
				VALIDATE_PRODUCT = YES;
			};
			name = Release;
		};
		B872988627AD0A9600E67D7F /* Debug */ = {
			isa = XCBuildConfiguration;
			buildSettings = {
				ASSETCATALOG_COMPILER_APPICON_NAME = AppIcon;
				ASSETCATALOG_COMPILER_GLOBAL_ACCENT_COLOR_NAME = AccentColor;
				CODE_SIGN_STYLE = Automatic;
				CURRENT_PROJECT_VERSION = 1;
				DEVELOPMENT_ASSET_PATHS = "\"AniWall/Preview Content\"";
				DEVELOPMENT_TEAM = Y4JZZ252RP;
				ENABLE_PREVIEWS = YES;
				GENERATE_INFOPLIST_FILE = YES;
				INFOPLIST_FILE = AniWall/Info.plist;
				INFOPLIST_KEY_NSPhotoLibraryAddUsageDescription = "Allow to save images you like into your phone.";
				INFOPLIST_KEY_UIApplicationSceneManifest_Generation = YES;
				INFOPLIST_KEY_UIApplicationSupportsIndirectInputEvents = YES;
				INFOPLIST_KEY_UILaunchScreen_Generation = YES;
				INFOPLIST_KEY_UISupportedInterfaceOrientations = "UIInterfaceOrientationPortrait UIInterfaceOrientationPortraitUpsideDown";
				INFOPLIST_KEY_UISupportedInterfaceOrientations_iPad = "UIInterfaceOrientationPortrait UIInterfaceOrientationPortraitUpsideDown UIInterfaceOrientationLandscapeLeft UIInterfaceOrientationLandscapeRight";
				INFOPLIST_KEY_UISupportedInterfaceOrientations_iPhone = "UIInterfaceOrientationPortrait UIInterfaceOrientationLandscapeLeft UIInterfaceOrientationLandscapeRight";
				IPHONEOS_DEPLOYMENT_TARGET = 15.0;
				LD_RUNPATH_SEARCH_PATHS = (
					"$(inherited)",
					"@executable_path/Frameworks",
				);
				MARKETING_VERSION = 1.0;
				PRODUCT_BUNDLE_IDENTIFIER = dev.atomlabx.AniWall;
				PRODUCT_NAME = "$(TARGET_NAME)";
				SWIFT_EMIT_LOC_STRINGS = YES;
				SWIFT_VERSION = 5.0;
				TARGETED_DEVICE_FAMILY = "1,2";
			};
			name = Debug;
		};
		B872988727AD0A9600E67D7F /* Release */ = {
			isa = XCBuildConfiguration;
			buildSettings = {
				ASSETCATALOG_COMPILER_APPICON_NAME = AppIcon;
				ASSETCATALOG_COMPILER_GLOBAL_ACCENT_COLOR_NAME = AccentColor;
				CODE_SIGN_STYLE = Automatic;
				CURRENT_PROJECT_VERSION = 1;
				DEVELOPMENT_ASSET_PATHS = "\"AniWall/Preview Content\"";
				DEVELOPMENT_TEAM = Y4JZZ252RP;
				ENABLE_PREVIEWS = YES;
				GENERATE_INFOPLIST_FILE = YES;
				INFOPLIST_FILE = AniWall/Info.plist;
				INFOPLIST_KEY_NSPhotoLibraryAddUsageDescription = "Allow to save images you like into your phone.";
				INFOPLIST_KEY_UIApplicationSceneManifest_Generation = YES;
				INFOPLIST_KEY_UIApplicationSupportsIndirectInputEvents = YES;
				INFOPLIST_KEY_UILaunchScreen_Generation = YES;
				INFOPLIST_KEY_UISupportedInterfaceOrientations = "UIInterfaceOrientationPortrait UIInterfaceOrientationPortraitUpsideDown";
				INFOPLIST_KEY_UISupportedInterfaceOrientations_iPad = "UIInterfaceOrientationPortrait UIInterfaceOrientationPortraitUpsideDown UIInterfaceOrientationLandscapeLeft UIInterfaceOrientationLandscapeRight";
				INFOPLIST_KEY_UISupportedInterfaceOrientations_iPhone = "UIInterfaceOrientationPortrait UIInterfaceOrientationLandscapeLeft UIInterfaceOrientationLandscapeRight";
				IPHONEOS_DEPLOYMENT_TARGET = 15.0;
				LD_RUNPATH_SEARCH_PATHS = (
					"$(inherited)",
					"@executable_path/Frameworks",
				);
				MARKETING_VERSION = 1.0;
				PRODUCT_BUNDLE_IDENTIFIER = dev.atomlabx.AniWall;
				PRODUCT_NAME = "$(TARGET_NAME)";
				SWIFT_EMIT_LOC_STRINGS = YES;
				SWIFT_VERSION = 5.0;
				TARGETED_DEVICE_FAMILY = "1,2";
			};
			name = Release;
		};
/* End XCBuildConfiguration section */

/* Begin XCConfigurationList section */
		B872987227AD0A9400E67D7F /* Build configuration list for PBXProject "AniWall" */ = {
			isa = XCConfigurationList;
			buildConfigurations = (
				B872988327AD0A9600E67D7F /* Debug */,
				B872988427AD0A9600E67D7F /* Release */,
			);
			defaultConfigurationIsVisible = 0;
			defaultConfigurationName = Release;
		};
		B872988527AD0A9600E67D7F /* Build configuration list for PBXNativeTarget "AniWall" */ = {
			isa = XCConfigurationList;
			buildConfigurations = (
				B872988627AD0A9600E67D7F /* Debug */,
				B872988727AD0A9600E67D7F /* Release */,
			);
			defaultConfigurationIsVisible = 0;
			defaultConfigurationName = Release;
		};
/* End XCConfigurationList section */

/* Begin XCRemoteSwiftPackageReference section */
		B8F23BA227AE6E9C0027FAA4 /* XCRemoteSwiftPackageReference "SwURL" */ = {
			isa = XCRemoteSwiftPackageReference;
			repositoryURL = "https://github.com/cmtrounce/SwURL";
			requirement = {
				kind = upToNextMajorVersion;
				minimumVersion = 0.4.1;
			};
		};
/* End XCRemoteSwiftPackageReference section */

/* Begin XCSwiftPackageProductDependency section */
		B8F23BA327AE6E9C0027FAA4 /* SwURL */ = {
			isa = XCSwiftPackageProductDependency;
			package = B8F23BA227AE6E9C0027FAA4 /* XCRemoteSwiftPackageReference "SwURL" */;
			productName = SwURL;
		};
/* End XCSwiftPackageProductDependency section */
	};
	rootObject = B872986F27AD0A9400E67D7F /* Project object */;
}
